
Microsoft Visual Studio Solution File, Format Version 12.00
# Visual Studio Version 17
VisualStudioVersion = 17.5.33627.172
MinimumVisualStudioVersion = 10.0.40219.1
Project("{FAE04EC0-301F-11D3-BF4B-00C04F79EFBC}") = "Registro_De_Proridades", "Registro_De_Proridades.csproj", "{619BD04F-0342-4A63-A8BE-0AB116027D1C}"
EndProject
Global
	GlobalSection(SolutionConfigurationPlatforms) = preSolution
		Debug|Any CPU = Debug|Any CPU
		Release|Any CPU = Release|Any CPU
	EndGlobalSection
	GlobalSection(ProjectConfigurationPlatforms) = postSolution
		{619BD04F-0342-4A63-A8BE-0AB116027D1C}.Debug|Any CPU.ActiveCfg = Debug|Any CPU
		{619BD04F-0342-4A63-A8BE-0AB116027D1C}.Debug|Any CPU.Build.0 = Debug|Any CPU
		{619BD04F-0342-4A63-A8BE-0AB116027D1C}.Release|Any CPU.ActiveCfg = Release|Any CPU
		{619BD04F-0342-4A63-A8BE-0AB116027D1C}.Release|Any CPU.Build.0 = Release|Any CPU
	EndGlobalSection
	GlobalSection(SolutionProperties) = preSolution
		HideSolutionNode = FALSE
	EndGlobalSection
	GlobalSection(ExtensibilityGlobals) = postSolution
		SolutionGuid = {D37112CE-51E3-45F9-A2DF-3E3FAF84EDE6}
	EndGlobalSection
EndGlobal
